
Microsoft Visual Studio Solution File, Format Version 12.00
# Visual Studio Version 17
VisualStudioVersion = 17.5.33530.505
MinimumVisualStudioVersion = 10.0.40219.1
Project("{FAE04EC0-301F-11D3-BF4B-00C04F79EFBC}") = "Salario", "Salario\Salario.csproj", "{7105238E-8E38-47F4-9DAD-52EEB4295340}"
EndProject
Global
	GlobalSection(SolutionConfigurationPlatforms) = preSolution
		Debug|Any CPU = Debug|Any CPU
		Release|Any CPU = Release|Any CPU
	EndGlobalSection
	GlobalSection(ProjectConfigurationPlatforms) = postSolution
		{7105238E-8E38-47F4-9DAD-52EEB4295340}.Debug|Any CPU.ActiveCfg = Debug|Any CPU
		{7105238E-8E38-47F4-9DAD-52EEB4295340}.Debug|Any CPU.Build.0 = Debug|Any CPU
		{7105238E-8E38-47F4-9DAD-52EEB4295340}.Release|Any CPU.ActiveCfg = Release|Any CPU
		{7105238E-8E38-47F4-9DAD-52EEB4295340}.Release|Any CPU.Build.0 = Release|Any CPU
	EndGlobalSection
	GlobalSection(SolutionProperties) = preSolution
		HideSolutionNode = FALSE
	EndGlobalSection
	GlobalSection(ExtensibilityGlobals) = postSolution
		SolutionGuid = {DB2D2888-5796-4905-8E2C-00917B69433B}
	EndGlobalSection
EndGlobal
