
Microsoft Visual Studio Solution File, Format Version 12.00
# Visual Studio Version 17
VisualStudioVersion = 17.5.33530.505
MinimumVisualStudioVersion = 10.0.40219.1
Project("{FAE04EC0-301F-11D3-BF4B-00C04F79EFBC}") = "Entrada de dados", "Entrada de dados\Entrada de dados.csproj", "{D8542624-872E-4B01-9FDB-A292F958AA87}"
EndProject
Global
	GlobalSection(SolutionConfigurationPlatforms) = preSolution
		Debug|Any CPU = Debug|Any CPU
		Release|Any CPU = Release|Any CPU
	EndGlobalSection
	GlobalSection(ProjectConfigurationPlatforms) = postSolution
		{D8542624-872E-4B01-9FDB-A292F958AA87}.Debug|Any CPU.ActiveCfg = Debug|Any CPU
		{D8542624-872E-4B01-9FDB-A292F958AA87}.Debug|Any CPU.Build.0 = Debug|Any CPU
		{D8542624-872E-4B01-9FDB-A292F958AA87}.Release|Any CPU.ActiveCfg = Release|Any CPU
		{D8542624-872E-4B01-9FDB-A292F958AA87}.Release|Any CPU.Build.0 = Release|Any CPU
	EndGlobalSection
	GlobalSection(SolutionProperties) = preSolution
		HideSolutionNode = FALSE
	EndGlobalSection
	GlobalSection(ExtensibilityGlobals) = postSolution
		SolutionGuid = {A19A42B5-F055-4F51-AC49-557A25806CEC}
	EndGlobalSection
EndGlobal
