
Microsoft Visual Studio Solution File, Format Version 12.00
# Visual Studio Version 17
VisualStudioVersion = 17.5.33530.505
MinimumVisualStudioVersion = 10.0.40219.1
Project("{FAE04EC0-301F-11D3-BF4B-00C04F79EFBC}") = "ContratoDeTrabalho", "ContratoDeTrabalho\ContratoDeTrabalho.csproj", "{46089535-4CEE-4FA2-8237-29C7F7D60E74}"
EndProject
Global
	GlobalSection(SolutionConfigurationPlatforms) = preSolution
		Debug|Any CPU = Debug|Any CPU
		Release|Any CPU = Release|Any CPU
	EndGlobalSection
	GlobalSection(ProjectConfigurationPlatforms) = postSolution
		{46089535-4CEE-4FA2-8237-29C7F7D60E74}.Debug|Any CPU.ActiveCfg = Debug|Any CPU
		{46089535-4CEE-4FA2-8237-29C7F7D60E74}.Debug|Any CPU.Build.0 = Debug|Any CPU
		{46089535-4CEE-4FA2-8237-29C7F7D60E74}.Release|Any CPU.ActiveCfg = Release|Any CPU
		{46089535-4CEE-4FA2-8237-29C7F7D60E74}.Release|Any CPU.Build.0 = Release|Any CPU
	EndGlobalSection
	GlobalSection(SolutionProperties) = preSolution
		HideSolutionNode = FALSE
	EndGlobalSection
	GlobalSection(ExtensibilityGlobals) = postSolution
		SolutionGuid = {F5052394-2BB4-42A5-90C5-0711E889FAF6}
	EndGlobalSection
EndGlobal
