
Microsoft Visual Studio Solution File, Format Version 12.00
# Visual Studio Version 17
VisualStudioVersion = 17.5.33530.505
MinimumVisualStudioVersion = 10.0.40219.1
Project("{FAE04EC0-301F-11D3-BF4B-00C04F79EFBC}") = "LarguraRetangulo", "LarguraRetangulo\LarguraRetangulo.csproj", "{51B9B8A2-57EF-4F60-971B-125CF2EE353B}"
EndProject
Global
	GlobalSection(SolutionConfigurationPlatforms) = preSolution
		Debug|Any CPU = Debug|Any CPU
		Release|Any CPU = Release|Any CPU
	EndGlobalSection
	GlobalSection(ProjectConfigurationPlatforms) = postSolution
		{51B9B8A2-57EF-4F60-971B-125CF2EE353B}.Debug|Any CPU.ActiveCfg = Debug|Any CPU
		{51B9B8A2-57EF-4F60-971B-125CF2EE353B}.Debug|Any CPU.Build.0 = Debug|Any CPU
		{51B9B8A2-57EF-4F60-971B-125CF2EE353B}.Release|Any CPU.ActiveCfg = Release|Any CPU
		{51B9B8A2-57EF-4F60-971B-125CF2EE353B}.Release|Any CPU.Build.0 = Release|Any CPU
	EndGlobalSection
	GlobalSection(SolutionProperties) = preSolution
		HideSolutionNode = FALSE
	EndGlobalSection
	GlobalSection(ExtensibilityGlobals) = postSolution
		SolutionGuid = {7E140290-BA66-4631-B40A-E4BF52078E66}
	EndGlobalSection
EndGlobal
