
Microsoft Visual Studio Solution File, Format Version 12.00
# Visual Studio Version 16
VisualStudioVersion = 16.0.33927.289
MinimumVisualStudioVersion = 10.0.40219.1
Project("{FAE04EC0-301F-11D3-BF4B-00C04F79EFBC}") = "CentralAluno.Desktop", "CentralAluno\CentralAluno.Desktop.csproj", "{C6834FFF-13BE-4DC6-B738-BB42E0EC9C04}"
EndProject
Project("{FAE04EC0-301F-11D3-BF4B-00C04F79EFBC}") = "CentralAluno.Controle", "CentralAluno.Controle\CentralAluno.Controle.csproj", "{9C592F8D-AAB1-4781-BD4F-8C63736D7464}"
EndProject
Global
	GlobalSection(SolutionConfigurationPlatforms) = preSolution
		Debug|Any CPU = Debug|Any CPU
		Release|Any CPU = Release|Any CPU
	EndGlobalSection
	GlobalSection(ProjectConfigurationPlatforms) = postSolution
		{C6834FFF-13BE-4DC6-B738-BB42E0EC9C04}.Debug|Any CPU.ActiveCfg = Debug|Any CPU
		{C6834FFF-13BE-4DC6-B738-BB42E0EC9C04}.Debug|Any CPU.Build.0 = Debug|Any CPU
		{C6834FFF-13BE-4DC6-B738-BB42E0EC9C04}.Release|Any CPU.ActiveCfg = Release|Any CPU
		{C6834FFF-13BE-4DC6-B738-BB42E0EC9C04}.Release|Any CPU.Build.0 = Release|Any CPU
		{9C592F8D-AAB1-4781-BD4F-8C63736D7464}.Debug|Any CPU.ActiveCfg = Debug|Any CPU
		{9C592F8D-AAB1-4781-BD4F-8C63736D7464}.Debug|Any CPU.Build.0 = Debug|Any CPU
		{9C592F8D-AAB1-4781-BD4F-8C63736D7464}.Release|Any CPU.ActiveCfg = Release|Any CPU
		{9C592F8D-AAB1-4781-BD4F-8C63736D7464}.Release|Any CPU.Build.0 = Release|Any CPU
	EndGlobalSection
	GlobalSection(SolutionProperties) = preSolution
		HideSolutionNode = FALSE
	EndGlobalSection
	GlobalSection(ExtensibilityGlobals) = postSolution
		SolutionGuid = {4C59A31D-02A7-493C-84BC-0157B6EAB68B}
	EndGlobalSection
EndGlobal
