
Microsoft Visual Studio Solution File, Format Version 12.00
# Visual Studio Version 17
VisualStudioVersion = 17.5.33530.505
MinimumVisualStudioVersion = 10.0.40219.1
Project("{FAE04EC0-301F-11D3-BF4B-00C04F79EFBC}") = "MediaEscolar", "MediaEscolar\MediaEscolar.csproj", "{EC428803-1292-4AF4-954F-5E48ED05F36F}"
EndProject
Global
	GlobalSection(SolutionConfigurationPlatforms) = preSolution
		Debug|Any CPU = Debug|Any CPU
		Release|Any CPU = Release|Any CPU
	EndGlobalSection
	GlobalSection(ProjectConfigurationPlatforms) = postSolution
		{EC428803-1292-4AF4-954F-5E48ED05F36F}.Debug|Any CPU.ActiveCfg = Debug|Any CPU
		{EC428803-1292-4AF4-954F-5E48ED05F36F}.Debug|Any CPU.Build.0 = Debug|Any CPU
		{EC428803-1292-4AF4-954F-5E48ED05F36F}.Release|Any CPU.ActiveCfg = Release|Any CPU
		{EC428803-1292-4AF4-954F-5E48ED05F36F}.Release|Any CPU.Build.0 = Release|Any CPU
	EndGlobalSection
	GlobalSection(SolutionProperties) = preSolution
		HideSolutionNode = FALSE
	EndGlobalSection
	GlobalSection(ExtensibilityGlobals) = postSolution
		SolutionGuid = {4333577F-1543-423E-BB82-59AE11ECD6FC}
	EndGlobalSection
EndGlobal
